Microsoft Visual Studio Solution File, Format Version 12.00
# Visual Studio Version 17
VisualStudioVersion = 17.5.2.0
MinimumVisualStudioVersion = 10.0.40219.1
Project("{FAE04EC0-301F-11D3-BF4B-00C04F79EFBC}") = "DebuggerExamples", "DebuggerExamples\DebuggerExamples.csproj", "{C000E0CE-1E8A-3B24-6751-9F7FE114108E}"
EndProject
Project("{FAE04EC0-301F-11D3-BF4B-00C04F79EFBC}") = "DebuggerExamples.Tests", "DebuggerExamples.Tests\DebuggerExamples.Tests.csproj", "{B6705D56-D4B4-CECD-95BE-FBAC920DFB1A}"
EndProject
Global
	GlobalSection(SolutionConfigurationPlatforms) = preSolution
		Debug|Any CPU = Debug|Any CPU
		Release|Any CPU = Release|Any CPU
	EndGlobalSection
	GlobalSection(ProjectConfigurationPlatforms) = postSolution
		{C000E0CE-1E8A-3B24-6751-9F7FE114108E}.Debug|Any CPU.ActiveCfg = Debug|Any CPU
		{C000E0CE-1E8A-3B24-6751-9F7FE114108E}.Debug|Any CPU.Build.0 = Debug|Any CPU
		{C000E0CE-1E8A-3B24-6751-9F7FE114108E}.Release|Any CPU.ActiveCfg = Release|Any CPU
		{C000E0CE-1E8A-3B24-6751-9F7FE114108E}.Release|Any CPU.Build.0 = Release|Any CPU
		{B6705D56-D4B4-CECD-95BE-FBAC920DFB1A}.Debug|Any CPU.ActiveCfg = Debug|Any CPU
		{B6705D56-D4B4-CECD-95BE-FBAC920DFB1A}.Debug|Any CPU.Build.0 = Debug|Any CPU
		{B6705D56-D4B4-CECD-95BE-FBAC920DFB1A}.Release|Any CPU.ActiveCfg = Release|Any CPU
		{B6705D56-D4B4-CECD-95BE-FBAC920DFB1A}.Release|Any CPU.Build.0 = Release|Any CPU
	EndGlobalSection
	GlobalSection(SolutionProperties) = preSolution
		HideSolutionNode = FALSE
	EndGlobalSection
	GlobalSection(ExtensibilityGlobals) = postSolution
		SolutionGuid = {6CF96DE6-E7DB-415B-8051-5E089CA37C9B}
	EndGlobalSection
EndGlobal
